
Microsoft Visual Studio Solution File, Format Version 12.00
# Visual Studio Version 16
VisualStudioVersion = 16.0.31005.135
MinimumVisualStudioVersion = 10.0.40219.1
Project("{FAE04EC0-301F-11D3-BF4B-00C04F79EFBC}") = "ESSD-CA", "ESSD-CA.csproj", "{9B14FE66-359F-4C2D-A1D3-C9AC779A4D4A}"
EndProject
Global
	GlobalSection(SolutionConfigurationPlatforms) = preSolution
		Debug|Any CPU = Debug|Any CPU
		Release|Any CPU = Release|Any CPU
	EndGlobalSection
	GlobalSection(ProjectConfigurationPlatforms) = postSolution
		{9B14FE66-359F-4C2D-A1D3-C9AC779A4D4A}.Debug|Any CPU.ActiveCfg = Debug|Any CPU
		{9B14FE66-359F-4C2D-A1D3-C9AC779A4D4A}.Debug|Any CPU.Build.0 = Debug|Any CPU
		{9B14FE66-359F-4C2D-A1D3-C9AC779A4D4A}.Release|Any CPU.ActiveCfg = Release|Any CPU
		{9B14FE66-359F-4C2D-A1D3-C9AC779A4D4A}.Release|Any CPU.Build.0 = Release|Any CPU
	EndGlobalSection
	GlobalSection(SolutionProperties) = preSolution
		HideSolutionNode = FALSE
	EndGlobalSection
	GlobalSection(ExtensibilityGlobals) = postSolution
		SolutionGuid = {8284AAE3-C6A0-4BFB-B801-C9EDD10F5243}
	EndGlobalSection
EndGlobal
